
Microsoft Visual Studio Solution File, Format Version 12.00
# Visual Studio Version 17
VisualStudioVersion = 17.14.36301.6 d17.14
MinimumVisualStudioVersion = 10.0.40219.1
Project("{FAE04EC0-301F-11D3-BF4B-00C04F79EFBC}") = "UtilXCopy", "UtilXCopy\UtilXCopy.csproj", "{355B1A01-E4E4-4B49-AE4B-3B2A99F2493D}"
EndProject
Global
	GlobalSection(SolutionConfigurationPlatforms) = preSolution
		Debug|Any CPU = Debug|Any CPU
		Release|Any CPU = Release|Any CPU
	EndGlobalSection
	GlobalSection(ProjectConfigurationPlatforms) = postSolution
		{355B1A01-E4E4-4B49-AE4B-3B2A99F2493D}.Debug|Any CPU.ActiveCfg = Debug|Any CPU
		{355B1A01-E4E4-4B49-AE4B-3B2A99F2493D}.Debug|Any CPU.Build.0 = Debug|Any CPU
		{355B1A01-E4E4-4B49-AE4B-3B2A99F2493D}.Release|Any CPU.ActiveCfg = Release|Any CPU
		{355B1A01-E4E4-4B49-AE4B-3B2A99F2493D}.Release|Any CPU.Build.0 = Release|Any CPU
	EndGlobalSection
	GlobalSection(SolutionProperties) = preSolution
		HideSolutionNode = FALSE
	EndGlobalSection
	GlobalSection(ExtensibilityGlobals) = postSolution
		SolutionGuid = {B865A842-203E-40CE-BFB8-F4B6CE3B0EC8}
	EndGlobalSection
EndGlobal
